// !$*UTF8*$!
{
	archiveVersion = 1;
	classes = {
	};
	objectVersion = 46;
	objects = {

/* Begin PBXBuildFile section */
		9A13689518F579D80063B0E5 /* AnnouncementData.cc in Sources */ = {isa = PBXBuildFile; fileRef = 9A13689418F579D80063B0E5 /* AnnouncementData.cc */; };
		9A37957B18E859FB0048A0BC /* GatewayCtrlSessionHandler.cc in Sources */ = {isa = PBXBuildFile; fileRef = 9A37957918E859FB0048A0BC /* GatewayCtrlSessionHandler.cc */; };
		9A3979DD18E458B400E8B57F /* GatewayCtrlManifestRules.cc in Sources */ = {isa = PBXBuildFile; fileRef = 9A3979DC18E458B400E8B57F /* GatewayCtrlManifestRules.cc */; };
		9A3979F818E45F3200E8B57F /* AboutClient.cc in Sources */ = {isa = PBXBuildFile; fileRef = 9A3979EE18E45F3200E8B57F /* AboutClient.cc */; };
		9A3979F918E45F3200E8B57F /* AboutIconClient.cc in Sources */ = {isa = PBXBuildFile; fileRef = 9A3979EF18E45F3200E8B57F /* AboutIconClient.cc */; };
		9A3979FA18E45F3200E8B57F /* AboutIconService.cc in Sources */ = {isa = PBXBuildFile; fileRef = 9A3979F018E45F3200E8B57F /* AboutIconService.cc */; };
		9A3979FB18E45F3200E8B57F /* AboutPropertyStoreImpl.cc in Sources */ = {isa = PBXBuildFile; fileRef = 9A3979F118E45F3200E8B57F /* AboutPropertyStoreImpl.cc */; };
		9A3979FC18E45F3200E8B57F /* AboutService.cc in Sources */ = {isa = PBXBuildFile; fileRef = 9A3979F218E45F3200E8B57F /* AboutService.cc */; };
		9A3979FD18E45F3200E8B57F /* AboutServiceApi.cc in Sources */ = {isa = PBXBuildFile; fileRef = 9A3979F318E45F3200E8B57F /* AboutServiceApi.cc */; };
		9A3979FE18E45F3200E8B57F /* AnnounceHandler.cc in Sources */ = {isa = PBXBuildFile; fileRef = 9A3979F418E45F3200E8B57F /* AnnounceHandler.cc */; };
		9A3979FF18E45F3200E8B57F /* AnnouncementRegistrar.cc in Sources */ = {isa = PBXBuildFile; fileRef = 9A3979F518E45F3200E8B57F /* AnnouncementRegistrar.cc */; };
		9A397A0018E45F3200E8B57F /* PropertyStoreProperty.cc in Sources */ = {isa = PBXBuildFile; fileRef = 9A3979F618E45F3200E8B57F /* PropertyStoreProperty.cc */; };
		9A65BCF418FAA4D200784D9E /* PayloadAdapter.cpp in Sources */ = {isa = PBXBuildFile; fileRef = 9A65BCF218FAA4D200784D9E /* PayloadAdapter.cpp */; };
		9AC59B3618E30DC3006F254F /* GatewayControllerCpp.1 in CopyFiles */ = {isa = PBXBuildFile; fileRef = 9AC59B3518E30DC3006F254F /* GatewayControllerCpp.1 */; };
		9ACA9A6718E40C2800839E83 /* GatewayCtrlAccessControlList.cc in Sources */ = {isa = PBXBuildFile; fileRef = 9ACA9A5718E40C2800839E83 /* GatewayCtrlAccessControlList.cc */; };
		9ACA9A6818E40C2800839E83 /* GatewayCtrlAccessRules.cc in Sources */ = {isa = PBXBuildFile; fileRef = 9ACA9A5818E40C2800839E83 /* GatewayCtrlAccessRules.cc */; };
		9ACA9A6918E40C2800839E83 /* GatewayCtrlAclWriteResponse.cc in Sources */ = {isa = PBXBuildFile; fileRef = 9ACA9A5918E40C2800839E83 /* GatewayCtrlAclWriteResponse.cc */; };
		9ACA9A6F18E40C2800839E83 /* GatewayCtrlDiscoveredApp.cc in Sources */ = {isa = PBXBuildFile; fileRef = 9ACA9A5F18E40C2800839E83 /* GatewayCtrlDiscoveredApp.cc */; };
		9ACA9A7018E40C2800839E83 /* GatewayCtrlGateway.cc in Sources */ = {isa = PBXBuildFile; fileRef = 9ACA9A6018E40C2800839E83 /* GatewayCtrlGateway.cc */; };
		9ACA9A7118E40C2800839E83 /* GatewayCtrlGatewayController.cc in Sources */ = {isa = PBXBuildFile; fileRef = 9ACA9A6118E40C2800839E83 /* GatewayCtrlGatewayController.cc */; };
		9ACA9A7318E40C2800839E83 /* GatewayCtrlManifestObjectDescription.cc in Sources */ = {isa = PBXBuildFile; fileRef = 9ACA9A6318E40C2800839E83 /* GatewayCtrlManifestObjectDescription.cc */; };
		9ACA9A7418E40C2800839E83 /* GatewayCtrlRemotedApp.cc in Sources */ = {isa = PBXBuildFile; fileRef = 9ACA9A6418E40C2800839E83 /* GatewayCtrlRemotedApp.cc */; };
		9ACA9A7518E40C2800839E83 /* GatewayCtrlTPApplication.cc in Sources */ = {isa = PBXBuildFile; fileRef = 9ACA9A6518E40C2800839E83 /* GatewayCtrlTPApplication.cc */; };
		9ACA9A7618E40C2800839E83 /* GatewayCtrlTPApplicationStatus.cc in Sources */ = {isa = PBXBuildFile; fileRef = 9ACA9A6618E40C2800839E83 /* GatewayCtrlTPApplicationStatus.cc */; };
		9ACA9A7818E445C300839E83 /* libstdc++.6.0.9.dylib in Frameworks */ = {isa = PBXBuildFile; fileRef = 9ACA9A7718E445C300839E83 /* libstdc++.6.0.9.dylib */; };
		9ACA9A8018E44D0300839E83 /* GatewayCtrlSample.cc in Sources */ = {isa = PBXBuildFile; fileRef = 9ACA9A7D18E44D0300839E83 /* GatewayCtrlSample.cc */; };
		9ACA9A8218E4501A00839E83 /* SrpKeyXListener.cc in Sources */ = {isa = PBXBuildFile; fileRef = 9ACA9A8118E4501A00839E83 /* SrpKeyXListener.cc */; };
		9ACA9A8E18E4507A00839E83 /* AnnounceHandlerImpl.cc in Sources */ = {isa = PBXBuildFile; fileRef = 9ACA9A8518E4507A00839E83 /* AnnounceHandlerImpl.cc */; };
		9ACA9A8F18E4507A00839E83 /* AsyncSessionJoiner.cc in Sources */ = {isa = PBXBuildFile; fileRef = 9ACA9A8618E4507A00839E83 /* AsyncSessionJoiner.cc */; };
		9ACA9A9018E4507A00839E83 /* CommonBusListener.cc in Sources */ = {isa = PBXBuildFile; fileRef = 9ACA9A8718E4507A00839E83 /* CommonBusListener.cc */; };
		9ACA9A9118E4507A00839E83 /* CommonSampleUtil.cc in Sources */ = {isa = PBXBuildFile; fileRef = 9ACA9A8818E4507A00839E83 /* CommonSampleUtil.cc */; };
		9ACA9A9318E4507A00839E83 /* IniParser.cc in Sources */ = {isa = PBXBuildFile; fileRef = 9ACA9A8A18E4507A00839E83 /* IniParser.cc */; };
		9ACA9A9418E4507A00839E83 /* PropertyStoreImpl.cc in Sources */ = {isa = PBXBuildFile; fileRef = 9ACA9A8B18E4507A00839E83 /* PropertyStoreImpl.cc */; };
		9ACA9A9518E4507A00839E83 /* SessionListenerImpl.cc in Sources */ = {isa = PBXBuildFile; fileRef = 9ACA9A8C18E4507A00839E83 /* SessionListenerImpl.cc */; };
		9ADD932B18F16E07000FC6C0 /* AsyncTaskQueue.cc in Sources */ = {isa = PBXBuildFile; fileRef = 9ADD932818F16E07000FC6C0 /* AsyncTaskQueue.cc */; };
		9ADD932C18F16E07000FC6C0 /* Conversions.cc in Sources */ = {isa = PBXBuildFile; fileRef = 9ADD932918F16E07000FC6C0 /* Conversions.cc */; };
/* End PBXBuildFile section */

/* Begin PBXCopyFilesBuildPhase section */
		9AC59B2E18E30DC3006F254F /* CopyFiles */ = {
			isa = PBXCopyFilesBuildPhase;
			buildActionMask = 2147483647;
			dstPath = /usr/share/man/man1/;
			dstSubfolderSpec = 0;
			files = (
				9AC59B3618E30DC3006F254F /* GatewayControllerCpp.1 in CopyFiles */,
			);
			runOnlyForDeploymentPostprocessing = 1;
		};
/* End PBXCopyFilesBuildPhase section */

/* Begin PBXFileReference section */
		9A13689218F5799A0063B0E5 /* AnnouncementData.h */ = {isa = PBXFileReference; fileEncoding = 4; lastKnownFileType = sourcecode.c.h; path = AnnouncementData.h; sourceTree = "<group>"; };
		9A13689418F579D80063B0E5 /* AnnouncementData.cc */ = {isa = PBXFileReference; fileEncoding = 4; lastKnownFileType = sourcecode.cpp.cpp; path = AnnouncementData.cc; sourceTree = "<group>"; };
		9A37957718E84D7B0048A0BC /* GatewayCtrlConstants.h */ = {isa = PBXFileReference; lastKnownFileType = sourcecode.c.h; path = GatewayCtrlConstants.h; sourceTree = "<group>"; };
		9A37957818E859820048A0BC /* GatewayCtrlSessionHandler.h */ = {isa = PBXFileReference; lastKnownFileType = sourcecode.c.h; path = GatewayCtrlSessionHandler.h; sourceTree = "<group>"; };
		9A37957918E859FB0048A0BC /* GatewayCtrlSessionHandler.cc */ = {isa = PBXFileReference; fileEncoding = 4; lastKnownFileType = sourcecode.cpp.cpp; path = GatewayCtrlSessionHandler.cc; sourceTree = "<group>"; };
		9A3979DC18E458B400E8B57F /* GatewayCtrlManifestRules.cc */ = {isa = PBXFileReference; fileEncoding = 4; lastKnownFileType = sourcecode.cpp.cpp; path = GatewayCtrlManifestRules.cc; sourceTree = "<group>"; };
		9A3979DE18E458BD00E8B57F /* GatewayCtrlManifestRules.h */ = {isa = PBXFileReference; fileEncoding = 4; lastKnownFileType = sourcecode.c.h; path = GatewayCtrlManifestRules.h; sourceTree = "<group>"; };
		9A3979E318E45F3200E8B57F /* AboutClient.h */ = {isa = PBXFileReference; fileEncoding = 4; lastKnownFileType = sourcecode.c.h; path = AboutClient.h; sourceTree = "<group>"; };
		9A3979E418E45F3200E8B57F /* AboutIconClient.h */ = {isa = PBXFileReference; fileEncoding = 4; lastKnownFileType = sourcecode.c.h; path = AboutIconClient.h; sourceTree = "<group>"; };
		9A3979E518E45F3200E8B57F /* AboutIconService.h */ = {isa = PBXFileReference; fileEncoding = 4; lastKnownFileType = sourcecode.c.h; path = AboutIconService.h; sourceTree = "<group>"; };
		9A3979E618E45F3200E8B57F /* AboutPropertyStoreImpl.h */ = {isa = PBXFileReference; fileEncoding = 4; lastKnownFileType = sourcecode.c.h; path = AboutPropertyStoreImpl.h; sourceTree = "<group>"; };
		9A3979E718E45F3200E8B57F /* AboutService.h */ = {isa = PBXFileReference; fileEncoding = 4; lastKnownFileType = sourcecode.c.h; path = AboutService.h; sourceTree = "<group>"; };
		9A3979E818E45F3200E8B57F /* AboutServiceApi.h */ = {isa = PBXFileReference; fileEncoding = 4; lastKnownFileType = sourcecode.c.h; path = AboutServiceApi.h; sourceTree = "<group>"; };
		9A3979E918E45F3200E8B57F /* AnnounceHandler.h */ = {isa = PBXFileReference; fileEncoding = 4; lastKnownFileType = sourcecode.c.h; path = AnnounceHandler.h; sourceTree = "<group>"; };
		9A3979EA18E45F3200E8B57F /* AnnouncementRegistrar.h */ = {isa = PBXFileReference; fileEncoding = 4; lastKnownFileType = sourcecode.c.h; path = AnnouncementRegistrar.h; sourceTree = "<group>"; };
		9A3979EB18E45F3200E8B57F /* PropertyStore.h */ = {isa = PBXFileReference; fileEncoding = 4; lastKnownFileType = sourcecode.c.h; path = PropertyStore.h; sourceTree = "<group>"; };
		9A3979EC18E45F3200E8B57F /* PropertyStoreProperty.h */ = {isa = PBXFileReference; fileEncoding = 4; lastKnownFileType = sourcecode.c.h; path = PropertyStoreProperty.h; sourceTree = "<group>"; };
		9A3979EE18E45F3200E8B57F /* AboutClient.cc */ = {isa = PBXFileReference; fileEncoding = 4; lastKnownFileType = sourcecode.cpp.cpp; path = AboutClient.cc; sourceTree = "<group>"; };
		9A3979EF18E45F3200E8B57F /* AboutIconClient.cc */ = {isa = PBXFileReference; fileEncoding = 4; lastKnownFileType = sourcecode.cpp.cpp; path = AboutIconClient.cc; sourceTree = "<group>"; };
		9A3979F018E45F3200E8B57F /* AboutIconService.cc */ = {isa = PBXFileReference; fileEncoding = 4; lastKnownFileType = sourcecode.cpp.cpp; path = AboutIconService.cc; sourceTree = "<group>"; };
		9A3979F118E45F3200E8B57F /* AboutPropertyStoreImpl.cc */ = {isa = PBXFileReference; fileEncoding = 4; lastKnownFileType = sourcecode.cpp.cpp; path = AboutPropertyStoreImpl.cc; sourceTree = "<group>"; };
		9A3979F218E45F3200E8B57F /* AboutService.cc */ = {isa = PBXFileReference; fileEncoding = 4; lastKnownFileType = sourcecode.cpp.cpp; path = AboutService.cc; sourceTree = "<group>"; };
		9A3979F318E45F3200E8B57F /* AboutServiceApi.cc */ = {isa = PBXFileReference; fileEncoding = 4; lastKnownFileType = sourcecode.cpp.cpp; path = AboutServiceApi.cc; sourceTree = "<group>"; };
		9A3979F418E45F3200E8B57F /* AnnounceHandler.cc */ = {isa = PBXFileReference; fileEncoding = 4; lastKnownFileType = sourcecode.cpp.cpp; path = AnnounceHandler.cc; sourceTree = "<group>"; };
		9A3979F518E45F3200E8B57F /* AnnouncementRegistrar.cc */ = {isa = PBXFileReference; fileEncoding = 4; lastKnownFileType = sourcecode.cpp.cpp; path = AnnouncementRegistrar.cc; sourceTree = "<group>"; };
		9A3979F618E45F3200E8B57F /* PropertyStoreProperty.cc */ = {isa = PBXFileReference; fileEncoding = 4; lastKnownFileType = sourcecode.cpp.cpp; path = PropertyStoreProperty.cc; sourceTree = "<group>"; };
		9A3979F718E45F3200E8B57F /* SConscript */ = {isa = PBXFileReference; fileEncoding = 4; lastKnownFileType = text; path = SConscript; sourceTree = "<group>"; };
		9A65BCF218FAA4D200784D9E /* PayloadAdapter.cpp */ = {isa = PBXFileReference; fileEncoding = 4; lastKnownFileType = sourcecode.cpp.cpp; path = PayloadAdapter.cpp; sourceTree = "<group>"; };
		9A65BCF318FAA4D200784D9E /* PayloadAdapter.h */ = {isa = PBXFileReference; fileEncoding = 4; lastKnownFileType = sourcecode.c.h; path = PayloadAdapter.h; sourceTree = "<group>"; };
		9AC59B3018E30DC3006F254F /* GatewayControllerCpp */ = {isa = PBXFileReference; explicitFileType = "compiled.mach-o.executable"; includeInIndex = 0; path = GatewayControllerCpp; sourceTree = BUILT_PRODUCTS_DIR; };
		9AC59B3518E30DC3006F254F /* GatewayControllerCpp.1 */ = {isa = PBXFileReference; lastKnownFileType = text.man; path = GatewayControllerCpp.1; sourceTree = "<group>"; };
		9ACA9A4418E40C1F00839E83 /* GatewayCtrlAccessControlList.h */ = {isa = PBXFileReference; fileEncoding = 4; lastKnownFileType = sourcecode.c.h; path = GatewayCtrlAccessControlList.h; sourceTree = "<group>"; };
		9ACA9A4518E40C1F00839E83 /* GatewayCtrlAccessRules.h */ = {isa = PBXFileReference; fileEncoding = 4; lastKnownFileType = sourcecode.c.h; path = GatewayCtrlAccessRules.h; sourceTree = "<group>"; };
		9ACA9A4618E40C1F00839E83 /* GatewayCtrlAclWriteResponse.h */ = {isa = PBXFileReference; fileEncoding = 4; lastKnownFileType = sourcecode.c.h; path = GatewayCtrlAclWriteResponse.h; sourceTree = "<group>"; };
		9ACA9A4918E40C1F00839E83 /* GatewayCtrlApplicationStatusSignalHandler.h */ = {isa = PBXFileReference; fileEncoding = 4; lastKnownFileType = sourcecode.c.h; path = GatewayCtrlApplicationStatusSignalHandler.h; sourceTree = "<group>"; };
		9ACA9A4B18E40C1F00839E83 /* GatewayCtrlControllerSessionListener.h */ = {isa = PBXFileReference; fileEncoding = 4; lastKnownFileType = sourcecode.c.h; path = GatewayCtrlControllerSessionListener.h; sourceTree = "<group>"; };
		9ACA9A4C18E40C1F00839E83 /* GatewayCtrlDiscoveredApp.h */ = {isa = PBXFileReference; fileEncoding = 4; lastKnownFileType = sourcecode.c.h; path = GatewayCtrlDiscoveredApp.h; sourceTree = "<group>"; };
		9ACA9A4D18E40C1F00839E83 /* GatewayCtrlEnums.h */ = {isa = PBXFileReference; fileEncoding = 4; lastKnownFileType = sourcecode.c.h; path = GatewayCtrlEnums.h; sourceTree = "<group>"; };
		9ACA9A4E18E40C1F00839E83 /* GatewayCtrlGateway.h */ = {isa = PBXFileReference; fileEncoding = 4; lastKnownFileType = sourcecode.c.h; path = GatewayCtrlGateway.h; sourceTree = "<group>"; };
		9ACA9A4F18E40C1F00839E83 /* GatewayCtrlGatewayController.h */ = {isa = PBXFileReference; fileEncoding = 4; lastKnownFileType = sourcecode.c.h; path = GatewayCtrlGatewayController.h; sourceTree = "<group>"; };
		9ACA9A5118E40C1F00839E83 /* GatewayCtrlManifestObjectDescription.h */ = {isa = PBXFileReference; fileEncoding = 4; lastKnownFileType = sourcecode.c.h; path = GatewayCtrlManifestObjectDescription.h; sourceTree = "<group>"; };
		9ACA9A5218E40C1F00839E83 /* GatewayCtrlRemotedApp.h */ = {isa = PBXFileReference; fileEncoding = 4; lastKnownFileType = sourcecode.c.h; path = GatewayCtrlRemotedApp.h; sourceTree = "<group>"; };
		9ACA9A5318E40C1F00839E83 /* GatewayCtrlTPApplication.h */ = {isa = PBXFileReference; fileEncoding = 4; lastKnownFileType = sourcecode.c.h; path = GatewayCtrlTPApplication.h; sourceTree = "<group>"; };
		9ACA9A5418E40C1F00839E83 /* GatewayCtrlTPApplicationStatus.h */ = {isa = PBXFileReference; fileEncoding = 4; lastKnownFileType = sourcecode.c.h; path = GatewayCtrlTPApplicationStatus.h; sourceTree = "<group>"; };
		9ACA9A5518E40C1F00839E83 /* LogModule.h */ = {isa = PBXFileReference; fileEncoding = 4; lastKnownFileType = sourcecode.c.h; path = LogModule.h; sourceTree = "<group>"; };
		9ACA9A5718E40C2800839E83 /* GatewayCtrlAccessControlList.cc */ = {isa = PBXFileReference; fileEncoding = 4; lastKnownFileType = sourcecode.cpp.cpp; path = GatewayCtrlAccessControlList.cc; sourceTree = "<group>"; };
		9ACA9A5818E40C2800839E83 /* GatewayCtrlAccessRules.cc */ = {isa = PBXFileReference; fileEncoding = 4; lastKnownFileType = sourcecode.cpp.cpp; path = GatewayCtrlAccessRules.cc; sourceTree = "<group>"; };
		9ACA9A5918E40C2800839E83 /* GatewayCtrlAclWriteResponse.cc */ = {isa = PBXFileReference; fileEncoding = 4; lastKnownFileType = sourcecode.cpp.cpp; path = GatewayCtrlAclWriteResponse.cc; sourceTree = "<group>"; };
		9ACA9A5F18E40C2800839E83 /* GatewayCtrlDiscoveredApp.cc */ = {isa = PBXFileReference; fileEncoding = 4; lastKnownFileType = sourcecode.cpp.cpp; path = GatewayCtrlDiscoveredApp.cc; sourceTree = "<group>"; };
		9ACA9A6018E40C2800839E83 /* GatewayCtrlGateway.cc */ = {isa = PBXFileReference; fileEncoding = 4; lastKnownFileType = sourcecode.cpp.cpp; path = GatewayCtrlGateway.cc; sourceTree = "<group>"; };
		9ACA9A6118E40C2800839E83 /* GatewayCtrlGatewayController.cc */ = {isa = PBXFileReference; fileEncoding = 4; lastKnownFileType = sourcecode.cpp.cpp; path = GatewayCtrlGatewayController.cc; sourceTree = "<group>"; };
		9ACA9A6318E40C2800839E83 /* GatewayCtrlManifestObjectDescription.cc */ = {isa = PBXFileReference; fileEncoding = 4; lastKnownFileType = sourcecode.cpp.cpp; path = GatewayCtrlManifestObjectDescription.cc; sourceTree = "<group>"; };
		9ACA9A6418E40C2800839E83 /* GatewayCtrlRemotedApp.cc */ = {isa = PBXFileReference; fileEncoding = 4; lastKnownFileType = sourcecode.cpp.cpp; path = GatewayCtrlRemotedApp.cc; sourceTree = "<group>"; };
		9ACA9A6518E40C2800839E83 /* GatewayCtrlTPApplication.cc */ = {isa = PBXFileReference; fileEncoding = 4; lastKnownFileType = sourcecode.cpp.cpp; path = GatewayCtrlTPApplication.cc; sourceTree = "<group>"; };
		9ACA9A6618E40C2800839E83 /* GatewayCtrlTPApplicationStatus.cc */ = {isa = PBXFileReference; fileEncoding = 4; lastKnownFileType = sourcecode.cpp.cpp; path = GatewayCtrlTPApplicationStatus.cc; sourceTree = "<group>"; };
		9ACA9A7718E445C300839E83 /* libstdc++.6.0.9.dylib */ = {isa = PBXFileReference; lastKnownFileType = "compiled.mach-o.dylib"; name = "libstdc++.6.0.9.dylib"; path = "usr/lib/libstdc++.6.0.9.dylib"; sourceTree = SDKROOT; };
		9ACA9A7D18E44D0300839E83 /* GatewayCtrlSample.cc */ = {isa = PBXFileReference; fileEncoding = 4; lastKnownFileType = sourcecode.cpp.cpp; path = GatewayCtrlSample.cc; sourceTree = "<group>"; };
		9ACA9A8118E4501A00839E83 /* SrpKeyXListener.cc */ = {isa = PBXFileReference; fileEncoding = 4; lastKnownFileType = sourcecode.cpp.cpp; name = SrpKeyXListener.cc; path = ../../../../../../sample_apps/cpp/samples_common/SrpKeyXListener.cc; sourceTree = "<group>"; };
		9ACA9A8518E4507A00839E83 /* AnnounceHandlerImpl.cc */ = {isa = PBXFileReference; fileEncoding = 4; lastKnownFileType = sourcecode.cpp.cpp; name = AnnounceHandlerImpl.cc; path = ../../../../../../sample_apps/cpp/samples_common/AnnounceHandlerImpl.cc; sourceTree = "<group>"; };
		9ACA9A8618E4507A00839E83 /* AsyncSessionJoiner.cc */ = {isa = PBXFileReference; fileEncoding = 4; lastKnownFileType = sourcecode.cpp.cpp; name = AsyncSessionJoiner.cc; path = ../../../../../../sample_apps/cpp/samples_common/AsyncSessionJoiner.cc; sourceTree = "<group>"; };
		9ACA9A8718E4507A00839E83 /* CommonBusListener.cc */ = {isa = PBXFileReference; fileEncoding = 4; lastKnownFileType = sourcecode.cpp.cpp; name = CommonBusListener.cc; path = ../../../../../../sample_apps/cpp/samples_common/CommonBusListener.cc; sourceTree = "<group>"; };
		9ACA9A8818E4507A00839E83 /* CommonSampleUtil.cc */ = {isa = PBXFileReference; fileEncoding = 4; lastKnownFileType = sourcecode.cpp.cpp; name = CommonSampleUtil.cc; path = ../../../../../../sample_apps/cpp/samples_common/CommonSampleUtil.cc; sourceTree = "<group>"; };
		9ACA9A8A18E4507A00839E83 /* IniParser.cc */ = {isa = PBXFileReference; fileEncoding = 4; lastKnownFileType = sourcecode.cpp.cpp; name = IniParser.cc; path = ../../../../../../sample_apps/cpp/samples_common/IniParser.cc; sourceTree = "<group>"; };
		9ACA9A8B18E4507A00839E83 /* PropertyStoreImpl.cc */ = {isa = PBXFileReference; fileEncoding = 4; lastKnownFileType = sourcecode.cpp.cpp; name = PropertyStoreImpl.cc; path = ../../../../../../sample_apps/cpp/samples_common/PropertyStoreImpl.cc; sourceTree = "<group>"; };
		9ACA9A8C18E4507A00839E83 /* SessionListenerImpl.cc */ = {isa = PBXFileReference; fileEncoding = 4; lastKnownFileType = sourcecode.cpp.cpp; name = SessionListenerImpl.cc; path = ../../../../../../sample_apps/cpp/samples_common/SessionListenerImpl.cc; sourceTree = "<group>"; };
		9ADD932118F16E07000FC6C0 /* AsyncTaskQueue.h */ = {isa = PBXFileReference; fileEncoding = 4; lastKnownFileType = sourcecode.c.h; path = AsyncTaskQueue.h; sourceTree = "<group>"; };
		9ADD932218F16E07000FC6C0 /* Conversions.h */ = {isa = PBXFileReference; fileEncoding = 4; lastKnownFileType = sourcecode.c.h; path = Conversions.h; sourceTree = "<group>"; };
		9ADD932318F16E07000FC6C0 /* LogModule.h */ = {isa = PBXFileReference; fileEncoding = 4; lastKnownFileType = sourcecode.c.h; path = LogModule.h; sourceTree = "<group>"; };
		9ADD932418F16E07000FC6C0 /* LogModulesNames.h */ = {isa = PBXFileReference; fileEncoding = 4; lastKnownFileType = sourcecode.c.h; path = LogModulesNames.h; sourceTree = "<group>"; };
		9ADD932518F16E07000FC6C0 /* ServicesCommonConstants.h */ = {isa = PBXFileReference; fileEncoding = 4; lastKnownFileType = sourcecode.c.h; path = ServicesCommonConstants.h; sourceTree = "<group>"; };
		9ADD932818F16E07000FC6C0 /* AsyncTaskQueue.cc */ = {isa = PBXFileReference; fileEncoding = 4; lastKnownFileType = sourcecode.cpp.cpp; path = AsyncTaskQueue.cc; sourceTree = "<group>"; };
		9ADD932918F16E07000FC6C0 /* Conversions.cc */ = {isa = PBXFileReference; fileEncoding = 4; lastKnownFileType = sourcecode.cpp.cpp; path = Conversions.cc; sourceTree = "<group>"; };
/* End PBXFileReference section */

/* Begin PBXFrameworksBuildPhase section */
		9AC59B2D18E30DC3006F254F /* Frameworks */ = {
			isa = PBXFrameworksBuildPhase;
			buildActionMask = 2147483647;
			files = (
				9ACA9A7818E445C300839E83 /* libstdc++.6.0.9.dylib in Frameworks */,
			);
			runOnlyForDeploymentPostprocessing = 0;
		};
/* End PBXFrameworksBuildPhase section */

/* Begin PBXGroup section */
		9A37957618E7ED630048A0BC /* sample_apps */ = {
			isa = PBXGroup;
			children = (
				9ACA9A8518E4507A00839E83 /* AnnounceHandlerImpl.cc */,
				9ACA9A8618E4507A00839E83 /* AsyncSessionJoiner.cc */,
				9ACA9A8718E4507A00839E83 /* CommonBusListener.cc */,
				9ACA9A8818E4507A00839E83 /* CommonSampleUtil.cc */,
				9ACA9A8A18E4507A00839E83 /* IniParser.cc */,
				9ACA9A8B18E4507A00839E83 /* PropertyStoreImpl.cc */,
				9ACA9A8C18E4507A00839E83 /* SessionListenerImpl.cc */,
				9ACA9A8118E4501A00839E83 /* SrpKeyXListener.cc */,
			);
			name = sample_apps;
			sourceTree = "<group>";
		};
		9A3979DF18E45F0600E8B57F /* alljoyn_about_cpp_lib_files */ = {
			isa = PBXGroup;
			children = (
				9A3979E018E45F3200E8B57F /* inc */,
				9A3979ED18E45F3200E8B57F /* src */,
			);
			name = alljoyn_about_cpp_lib_files;
			sourceTree = "<group>";
		};
		9A3979E018E45F3200E8B57F /* inc */ = {
			isa = PBXGroup;
			children = (
				9A3979E118E45F3200E8B57F /* alljoyn */,
			);
			name = inc;
			path = ../../../../../../../core/alljoyn/services/about/cpp/inc;
			sourceTree = "<group>";
		};
		9A3979E118E45F3200E8B57F /* alljoyn */ = {
			isa = PBXGroup;
			children = (
				9A3979E218E45F3200E8B57F /* about */,
			);
			path = alljoyn;
			sourceTree = "<group>";
		};
		9A3979E218E45F3200E8B57F /* about */ = {
			isa = PBXGroup;
			children = (
				9A3979E318E45F3200E8B57F /* AboutClient.h */,
				9A3979E418E45F3200E8B57F /* AboutIconClient.h */,
				9A3979E518E45F3200E8B57F /* AboutIconService.h */,
				9A3979E618E45F3200E8B57F /* AboutPropertyStoreImpl.h */,
				9A3979E718E45F3200E8B57F /* AboutService.h */,
				9A3979E818E45F3200E8B57F /* AboutServiceApi.h */,
				9A3979E918E45F3200E8B57F /* AnnounceHandler.h */,
				9A3979EA18E45F3200E8B57F /* AnnouncementRegistrar.h */,
				9A3979EB18E45F3200E8B57F /* PropertyStore.h */,
				9A3979EC18E45F3200E8B57F /* PropertyStoreProperty.h */,
			);
			name = about;
			path = ../../../../../../../../core/alljoyn/services/about/cpp/inc/alljoyn/about;
			sourceTree = "<group>";
		};
		9A3979ED18E45F3200E8B57F /* src */ = {
			isa = PBXGroup;
			children = (
				9A3979EE18E45F3200E8B57F /* AboutClient.cc */,
				9A3979EF18E45F3200E8B57F /* AboutIconClient.cc */,
				9A3979F018E45F3200E8B57F /* AboutIconService.cc */,
				9A3979F118E45F3200E8B57F /* AboutPropertyStoreImpl.cc */,
				9A3979F218E45F3200E8B57F /* AboutService.cc */,
				9A3979F318E45F3200E8B57F /* AboutServiceApi.cc */,
				9A3979F418E45F3200E8B57F /* AnnounceHandler.cc */,
				9A3979F518E45F3200E8B57F /* AnnouncementRegistrar.cc */,
				9A3979F618E45F3200E8B57F /* PropertyStoreProperty.cc */,
				9A3979F718E45F3200E8B57F /* SConscript */,
			);
			name = src;
			path = ../../../../../../../../core/alljoyn/services/about/cpp/src;
			sourceTree = "<group>";
		};
		9AC59B2718E30DC3006F254F = {
			isa = PBXGroup;
			children = (
				9ADD931818F16DF3000FC6C0 /* services_common */,
				9A37957618E7ED630048A0BC /* sample_apps */,
				9A3979DF18E45F0600E8B57F /* alljoyn_about_cpp_lib_files */,
				9ACA9A7718E445C300839E83 /* libstdc++.6.0.9.dylib */,
				9ACA9A4018E40BF300839E83 /* alljoyn_gateway_cpp_lib_files */,
				9AC59B3218E30DC3006F254F /* GatewayControllerCpp */,
				9AC59B3118E30DC3006F254F /* Products */,
			);
			sourceTree = "<group>";
		};
		9AC59B3118E30DC3006F254F /* Products */ = {
			isa = PBXGroup;
			children = (
				9AC59B3018E30DC3006F254F /* GatewayControllerCpp */,
			);
			name = Products;
			sourceTree = "<group>";
		};
		9AC59B3218E30DC3006F254F /* GatewayControllerCpp */ = {
			isa = PBXGroup;
			children = (
				9ACA9A7D18E44D0300839E83 /* GatewayCtrlSample.cc */,
				9AC59B3518E30DC3006F254F /* GatewayControllerCpp.1 */,
			);
			path = GatewayControllerCpp;
			sourceTree = "<group>";
		};
		9ACA9A4018E40BF300839E83 /* alljoyn_gateway_cpp_lib_files */ = {
			isa = PBXGroup;
			children = (
				9ACA9A5618E40C2800839E83 /* src */,
				9ACA9A4118E40C1F00839E83 /* inc */,
			);
			name = alljoyn_gateway_cpp_lib_files;
			sourceTree = "<group>";
		};
		9ACA9A4118E40C1F00839E83 /* inc */ = {
			isa = PBXGroup;
			children = (
				9ACA9A4218E40C1F00839E83 /* alljoyn */,
			);
			name = inc;
			path = ../../../cpp/inc;
			sourceTree = "<group>";
		};
		9ACA9A4218E40C1F00839E83 /* alljoyn */ = {
			isa = PBXGroup;
			children = (
				9ACA9A4318E40C1F00839E83 /* gateway */,
			);
			path = alljoyn;
			sourceTree = "<group>";
		};
		9ACA9A4318E40C1F00839E83 /* gateway */ = {
			isa = PBXGroup;
			children = (
				9A3979DE18E458BD00E8B57F /* GatewayCtrlManifestRules.h */,
				9ACA9A4418E40C1F00839E83 /* GatewayCtrlAccessControlList.h */,
				9ACA9A4518E40C1F00839E83 /* GatewayCtrlAccessRules.h */,
				9ACA9A4618E40C1F00839E83 /* GatewayCtrlAclWriteResponse.h */,
				9ACA9A4918E40C1F00839E83 /* GatewayCtrlApplicationStatusSignalHandler.h */,
				9ACA9A4B18E40C1F00839E83 /* GatewayCtrlControllerSessionListener.h */,
				9ACA9A4C18E40C1F00839E83 /* GatewayCtrlDiscoveredApp.h */,
				9ACA9A4D18E40C1F00839E83 /* GatewayCtrlEnums.h */,
				9ACA9A4E18E40C1F00839E83 /* GatewayCtrlGateway.h */,
				9ACA9A4F18E40C1F00839E83 /* GatewayCtrlGatewayController.h */,
				9ACA9A5118E40C1F00839E83 /* GatewayCtrlManifestObjectDescription.h */,
				9ACA9A5218E40C1F00839E83 /* GatewayCtrlRemotedApp.h */,
				9ACA9A5318E40C1F00839E83 /* GatewayCtrlTPApplication.h */,
				9ACA9A5418E40C1F00839E83 /* GatewayCtrlTPApplicationStatus.h */,
				9ACA9A5518E40C1F00839E83 /* LogModule.h */,
				9A37957818E859820048A0BC /* GatewayCtrlSessionHandler.h */,
				9A13689218F5799A0063B0E5 /* AnnouncementData.h */,
			);
			name = gateway;
			path = ../../../../../cpp/GatewayController/inc/alljoyn/gateway;
			sourceTree = "<group>";
		};
		9ACA9A5618E40C2800839E83 /* src */ = {
			isa = PBXGroup;
			children = (
				9A13689418F579D80063B0E5 /* AnnouncementData.cc */,
				9A3979DC18E458B400E8B57F /* GatewayCtrlManifestRules.cc */,
				9ACA9A5718E40C2800839E83 /* GatewayCtrlAccessControlList.cc */,
				9ACA9A5818E40C2800839E83 /* GatewayCtrlAccessRules.cc */,
				9ACA9A5918E40C2800839E83 /* GatewayCtrlAclWriteResponse.cc */,
				9ACA9A5F18E40C2800839E83 /* GatewayCtrlDiscoveredApp.cc */,
				9ACA9A6018E40C2800839E83 /* GatewayCtrlGateway.cc */,
				9ACA9A6118E40C2800839E83 /* GatewayCtrlGatewayController.cc */,
				9ACA9A6318E40C2800839E83 /* GatewayCtrlManifestObjectDescription.cc */,
				9ACA9A6418E40C2800839E83 /* GatewayCtrlRemotedApp.cc */,
				9ACA9A6518E40C2800839E83 /* GatewayCtrlTPApplication.cc */,
				9ACA9A6618E40C2800839E83 /* GatewayCtrlTPApplicationStatus.cc */,
				9A37957718E84D7B0048A0BC /* GatewayCtrlConstants.h */,
				9A37957918E859FB0048A0BC /* GatewayCtrlSessionHandler.cc */,
				9A65BCF218FAA4D200784D9E /* PayloadAdapter.cpp */,
				9A65BCF318FAA4D200784D9E /* PayloadAdapter.h */,
			);
			name = src;
			path = ../../../../../cpp/GatewayController/src;
			sourceTree = "<group>";
		};
		9ADD931818F16DF3000FC6C0 /* services_common */ = {
			isa = PBXGroup;
			children = (
				9ADD931918F16E07000FC6C0 /* cpp */,
			);
			name = services_common;
			sourceTree = "<group>";
		};
		9ADD931918F16E07000FC6C0 /* cpp */ = {
			isa = PBXGroup;
			children = (
				9ADD931E18F16E07000FC6C0 /* inc */,
				9ADD932718F16E07000FC6C0 /* src */,
			);
			name = cpp;
			path = ../../../../../../services_common/cpp;
			sourceTree = "<group>";
		};
		9ADD931E18F16E07000FC6C0 /* inc */ = {
			isa = PBXGroup;
			children = (
				9ADD931F18F16E07000FC6C0 /* alljoyn */,
			);
			path = inc;
			sourceTree = "<group>";
		};
		9ADD931F18F16E07000FC6C0 /* alljoyn */ = {
			isa = PBXGroup;
			children = (
				9ADD932018F16E07000FC6C0 /* services_common */,
			);
			path = alljoyn;
			sourceTree = "<group>";
		};
		9ADD932018F16E07000FC6C0 /* services_common */ = {
			isa = PBXGroup;
			children = (
				9ADD932118F16E07000FC6C0 /* AsyncTaskQueue.h */,
				9ADD932218F16E07000FC6C0 /* Conversions.h */,
				9ADD932318F16E07000FC6C0 /* LogModule.h */,
				9ADD932418F16E07000FC6C0 /* LogModulesNames.h */,
				9ADD932518F16E07000FC6C0 /* ServicesCommonConstants.h */,
			);
			path = services_common;
			sourceTree = "<group>";
		};
		9ADD932718F16E07000FC6C0 /* src */ = {
			isa = PBXGroup;
			children = (
				9ADD932818F16E07000FC6C0 /* AsyncTaskQueue.cc */,
				9ADD932918F16E07000FC6C0 /* Conversions.cc */,
			);
			path = src;
			sourceTree = "<group>";
		};
/* End PBXGroup section */

/* Begin PBXNativeTarget section */
		9AC59B2F18E30DC3006F254F /* GatewayControllerCpp */ = {
			isa = PBXNativeTarget;
			buildConfigurationList = 9AC59B3918E30DC3006F254F /* Build configuration list for PBXNativeTarget "GatewayControllerCpp" */;
			buildPhases = (
				9AC59B2C18E30DC3006F254F /* Sources */,
				9AC59B2D18E30DC3006F254F /* Frameworks */,
				9AC59B2E18E30DC3006F254F /* CopyFiles */,
			);
			buildRules = (
			);
			dependencies = (
			);
			name = GatewayControllerCpp;
			productName = GatewayControllerCpp;
			productReference = 9AC59B3018E30DC3006F254F /* GatewayControllerCpp */;
			productType = "com.apple.product-type.tool";
		};
/* End PBXNativeTarget section */

/* Begin PBXProject section */
		9AC59B2818E30DC3006F254F /* Project object */ = {
			isa = PBXProject;
			attributes = {
				LastUpgradeCheck = 0510;
				ORGANIZATIONNAME = org.alljoyn;
			};
			buildConfigurationList = 9AC59B2B18E30DC3006F254F /* Build configuration list for PBXProject "GatewayControllerCpp" */;
			compatibilityVersion = "Xcode 3.2";
			developmentRegion = English;
			hasScannedForEncodings = 0;
			knownRegions = (
				en,
			);
			mainGroup = 9AC59B2718E30DC3006F254F;
			productRefGroup = 9AC59B3118E30DC3006F254F /* Products */;
			projectDirPath = "";
			projectRoot = "";
			targets = (
				9AC59B2F18E30DC3006F254F /* GatewayControllerCpp */,
			);
		};
/* End PBXProject section */

/* Begin PBXSourcesBuildPhase section */
		9AC59B2C18E30DC3006F254F /* Sources */ = {
			isa = PBXSourcesBuildPhase;
			buildActionMask = 2147483647;
			files = (
				9ACA9A8E18E4507A00839E83 /* AnnounceHandlerImpl.cc in Sources */,
				9A3979F918E45F3200E8B57F /* AboutIconClient.cc in Sources */,
				9A3979FB18E45F3200E8B57F /* AboutPropertyStoreImpl.cc in Sources */,
				9ACA9A9118E4507A00839E83 /* CommonSampleUtil.cc in Sources */,
				9ACA9A7618E40C2800839E83 /* GatewayCtrlTPApplicationStatus.cc in Sources */,
				9A397A0018E45F3200E8B57F /* PropertyStoreProperty.cc in Sources */,
				9ACA9A7118E40C2800839E83 /* GatewayCtrlGatewayController.cc in Sources */,
				9ACA9A9018E4507A00839E83 /* CommonBusListener.cc in Sources */,
				9ACA9A6818E40C2800839E83 /* GatewayCtrlAccessRules.cc in Sources */,
				9ACA9A9318E4507A00839E83 /* IniParser.cc in Sources */,
				9A3979DD18E458B400E8B57F /* GatewayCtrlManifestRules.cc in Sources */,
				9ACA9A9418E4507A00839E83 /* PropertyStoreImpl.cc in Sources */,
				9A13689518F579D80063B0E5 /* AnnouncementData.cc in Sources */,
				9A3979FD18E45F3200E8B57F /* AboutServiceApi.cc in Sources */,
				9ACA9A8218E4501A00839E83 /* SrpKeyXListener.cc in Sources */,
				9A65BCF418FAA4D200784D9E /* PayloadAdapter.cpp in Sources */,
				9A3979FA18E45F3200E8B57F /* AboutIconService.cc in Sources */,
				9ACA9A7318E40C2800839E83 /* GatewayCtrlManifestObjectDescription.cc in Sources */,
				9A3979FF18E45F3200E8B57F /* AnnouncementRegistrar.cc in Sources */,
				9ACA9A7018E40C2800839E83 /* GatewayCtrlGateway.cc in Sources */,
				9ACA9A6718E40C2800839E83 /* GatewayCtrlAccessControlList.cc in Sources */,
				9A3979FC18E45F3200E8B57F /* AboutService.cc in Sources */,
				9ACA9A8018E44D0300839E83 /* GatewayCtrlSample.cc in Sources */,
				9ACA9A7418E40C2800839E83 /* GatewayCtrlRemotedApp.cc in Sources */,
				9ADD932C18F16E07000FC6C0 /* Conversions.cc in Sources */,
				9ACA9A8F18E4507A00839E83 /* AsyncSessionJoiner.cc in Sources */,
				9ACA9A6F18E40C2800839E83 /* GatewayCtrlDiscoveredApp.cc in Sources */,
				9ACA9A9518E4507A00839E83 /* SessionListenerImpl.cc in Sources */,
				9ACA9A6918E40C2800839E83 /* GatewayCtrlAclWriteResponse.cc in Sources */,
				9A3979FE18E45F3200E8B57F /* AnnounceHandler.cc in Sources */,
				9A37957B18E859FB0048A0BC /* GatewayCtrlSessionHandler.cc in Sources */,
				9ACA9A7518E40C2800839E83 /* GatewayCtrlTPApplication.cc in Sources */,
				9ADD932B18F16E07000FC6C0 /* AsyncTaskQueue.cc in Sources */,
				9A3979F818E45F3200E8B57F /* AboutClient.cc in Sources */,
			);
			runOnlyForDeploymentPostprocessing = 0;
		};
/* End PBXSourcesBuildPhase section */

/* Begin XCBuildConfiguration section */
		9AC59B3718E30DC3006F254F /* Debug */ = {
			isa = XCBuildConfiguration;
			buildSettings = {
				ALWAYS_SEARCH_USER_PATHS = NO;
				CLANG_CXX_LANGUAGE_STANDARD = "gnu++0x";
				CLANG_CXX_LIBRARY = "libc++";
				CLANG_ENABLE_OBJC_ARC = YES;
				CLANG_WARN_BOOL_CONVERSION = YES;
				CLANG_WARN_CONSTANT_CONVERSION = YES;
				CLANG_WARN_DIRECT_OBJC_ISA_USAGE = YES_ERROR;
				CLANG_WARN_EMPTY_BODY = YES;
				CLANG_WARN_ENUM_CONVERSION = YES;
				CLANG_WARN_INT_CONVERSION = YES;
				CLANG_WARN_OBJC_ROOT_CLASS = YES_ERROR;
				CLANG_WARN__DUPLICATE_METHOD_MATCH = YES;
				COPY_PHASE_STRIP = NO;
				GCC_C_LANGUAGE_STANDARD = gnu99;
				GCC_DYNAMIC_NO_PIC = NO;
				GCC_ENABLE_OBJC_EXCEPTIONS = YES;
				GCC_OPTIMIZATION_LEVEL = 0;
				GCC_PREPROCESSOR_DEFINITIONS = (
					"DEBUG=1",
					"$(inherited)",
				);
				GCC_SYMBOLS_PRIVATE_EXTERN = NO;
				GCC_WARN_64_TO_32_BIT_CONVERSION = YES;
				GCC_WARN_ABOUT_RETURN_TYPE = YES_ERROR;
				GCC_WARN_UNDECLARED_SELECTOR = YES;
				GCC_WARN_UNINITIALIZED_AUTOS = YES;
				GCC_WARN_UNUSED_FUNCTION = YES;
				GCC_WARN_UNUSED_VARIABLE = YES;
				MACOSX_DEPLOYMENT_TARGET = 10.9;
				ONLY_ACTIVE_ARCH = YES;
				SDKROOT = macosx;
			};
			name = Debug;
		};
		9AC59B3818E30DC3006F254F /* Release */ = {
			isa = XCBuildConfiguration;
			buildSettings = {
				ALWAYS_SEARCH_USER_PATHS = NO;
				CLANG_CXX_LANGUAGE_STANDARD = "gnu++0x";
				CLANG_CXX_LIBRARY = "libc++";
				CLANG_ENABLE_OBJC_ARC = YES;
				CLANG_WARN_BOOL_CONVERSION = YES;
				CLANG_WARN_CONSTANT_CONVERSION = YES;
				CLANG_WARN_DIRECT_OBJC_ISA_USAGE = YES_ERROR;
				CLANG_WARN_EMPTY_BODY = YES;
				CLANG_WARN_ENUM_CONVERSION = YES;
				CLANG_WARN_INT_CONVERSION = YES;
				CLANG_WARN_OBJC_ROOT_CLASS = YES_ERROR;
				CLANG_WARN__DUPLICATE_METHOD_MATCH = YES;
				COPY_PHASE_STRIP = YES;
				DEBUG_INFORMATION_FORMAT = "dwarf-with-dsym";
				ENABLE_NS_ASSERTIONS = NO;
				GCC_C_LANGUAGE_STANDARD = gnu99;
				GCC_ENABLE_OBJC_EXCEPTIONS = YES;
				GCC_WARN_64_TO_32_BIT_CONVERSION = YES;
				GCC_WARN_ABOUT_RETURN_TYPE = YES_ERROR;
				GCC_WARN_UNDECLARED_SELECTOR = YES;
				GCC_WARN_UNINITIALIZED_AUTOS = YES;
				GCC_WARN_UNUSED_FUNCTION = YES;
				GCC_WARN_UNUSED_VARIABLE = YES;
				MACOSX_DEPLOYMENT_TARGET = 10.9;
				SDKROOT = macosx;
			};
			name = Release;
		};
		9AC59B3A18E30DC3006F254F /* Debug */ = {
			isa = XCBuildConfiguration;
			buildSettings = {
				CLANG_CXX_LANGUAGE_STANDARD = "compiler-default";
				GCC_ENABLE_CPP_EXCEPTIONS = NO;
				GCC_ENABLE_CPP_RTTI = NO;
				GCC_ENABLE_OBJC_EXCEPTIONS = NO;
				HEADER_SEARCH_PATHS = (
					"$(inherited)",
					/Applications/Xcode.app/Contents/Developer/Toolchains/XcodeDefault.xctoolchain/usr/include,
					"\"$(ALLJOYN_SDK_ROOT)/build/darwin/$(PLATFORM_NAME)/$(CONFIGURATION)/dist/cpp/inc/\"",
					"$(inherited)",
					"\"$(ALLJOYN_SDK_ROOT)/services/about/cpp/inc\"",
					"\"$(ALLSEEN_BASE_SERVICES_ROOT)/sample_apps/cpp/samples_common/\"",
					"\"$(ALLSEEN_BASE_SERVICES_ROOT)/services_common/cpp/inc/\"",
					"\"$(ALLSEEN_BASE_SERVICES_ROOT)/gateway/cpp/GatewayController/inc/\"",
				);
				LIBRARY_SEARCH_PATHS = (
					"$(ALLJOYN_SDK_ROOT)/build/darwin/$(PLATFORM_NAME)/$(CONFIGURATION)/dist/cpp/lib/",
					"$(ALLJOYN_SDK_ROOT)/build/darwin/$(PLATFORM_NAME)/$(CONFIGURATION)/dist/about/lib/",
				);
				OTHER_CPLUSPLUSFLAGS = (
					"$(OTHER_CFLAGS)",
					"-DQCC_OS_GROUP_POSIX",
				);
				OTHER_LDFLAGS = (
					"-lalljoyn",
					"-lajrouter",
					"-lBundledRouter.o",
					"-lssl",
					"-lcrypto",
					"-lalljoyn_about",
				);
				PRODUCT_NAME = "$(TARGET_NAME)";
				VALID_ARCHS = x86_64;
			};
			name = Debug;
		};
		9AC59B3B18E30DC3006F254F /* Release */ = {
			isa = XCBuildConfiguration;
			buildSettings = {
				CLANG_CXX_LANGUAGE_STANDARD = "compiler-default";
				GCC_ENABLE_CPP_EXCEPTIONS = NO;
				GCC_ENABLE_CPP_RTTI = NO;
				GCC_ENABLE_OBJC_EXCEPTIONS = NO;
				HEADER_SEARCH_PATHS = (
					"$(inherited)",
					/Applications/Xcode.app/Contents/Developer/Toolchains/XcodeDefault.xctoolchain/usr/include,
					"\"$(ALLJOYN_SDK_ROOT)/build/darwin/$(PLATFORM_NAME)/$(CONFIGURATION)/dist/cpp/inc/\"",
					"$(inherited)",
					"\"$(ALLJOYN_SDK_ROOT)/services/about/cpp/inc\"",
					"\"$(ALLSEEN_BASE_SERVICES_ROOT)/sample_apps/cpp/samples_common/\"",
					"\"$(ALLSEEN_BASE_SERVICES_ROOT)/services_common/cpp/inc/\"",
					"\"$(ALLSEEN_BASE_SERVICES_ROOT)/gateway/cpp/GatewayController/inc/\"",
				);
				LIBRARY_SEARCH_PATHS = "$(SRCROOT)/../../../../../../../core/alljoyn/build/darwin/$(PLATFORM_NAME)/$(CONFIGURATION)/dist/cpp/lib/";
				OTHER_CPLUSPLUSFLAGS = (
					"$(OTHER_CFLAGS)",
					"-DQCC_OS_GROUP_POSIX",
				);
				OTHER_LDFLAGS = (
					"-lalljoyn",
					"-lajrouter",
					"-lBundledRouter.o",
					"-lssl",
					"-lcrypto",
					"-lalljoyn_about",
				);
				PRODUCT_NAME = "$(TARGET_NAME)";
				VALID_ARCHS = x86_64;
			};
			name = Release;
		};
/* End XCBuildConfiguration section */

/* Begin XCConfigurationList section */
		9AC59B2B18E30DC3006F254F /* Build configuration list for PBXProject "GatewayControllerCpp" */ = {
			isa = XCConfigurationList;
			buildConfigurations = (
				9AC59B3718E30DC3006F254F /* Debug */,
				9AC59B3818E30DC3006F254F /* Release */,
			);
			defaultConfigurationIsVisible = 0;
			defaultConfigurationName = Release;
		};
		9AC59B3918E30DC3006F254F /* Build configuration list for PBXNativeTarget "GatewayControllerCpp" */ = {
			isa = XCConfigurationList;
			buildConfigurations = (
				9AC59B3A18E30DC3006F254F /* Debug */,
				9AC59B3B18E30DC3006F254F /* Release */,
			);
			defaultConfigurationIsVisible = 0;
			defaultConfigurationName = Release;
		};
/* End XCConfigurationList section */
	};
	rootObject = 9AC59B2818E30DC3006F254F /* Project object */;
}
